
Microsoft Visual Studio Solution File, Format Version 12.00
# Visual Studio Version 16
VisualStudioVersion = 16.0.29201.188
MinimumVisualStudioVersion = 10.0.40219.1
Project("{9A19103F-16F7-4668-BE54-9A1E7A4F7556}") = "UniOrm", "UniOrm\UniOrm.csproj", "{A4ECCD32-0110-4101-A5A7-179A8D201274}"
EndProject
Project("{9A19103F-16F7-4668-BE54-9A1E7A4F7556}") = "UniOrm.Common", "UniOrm.Common\UniOrm.Common.csproj", "{86F211F0-38DE-49A1-9373-1F0FAF3A6C05}"
EndProject
Project("{9A19103F-16F7-4668-BE54-9A1E7A4F7556}") = "UniOrm.DataMigrationiHistrory", "UniOrm.DataMigrationiHistrory\UniOrm.DataMigrationiHistrory.csproj", "{DDA42A72-8479-4A27-B462-3A1D23C38F90}"
EndProject
Project("{9A19103F-16F7-4668-BE54-9A1E7A4F7556}") = "UniOrm.FlunentMigrator", "UniOrm.FlunentMigrator\UniOrm.FlunentMigrator.csproj", "{C555C4E0-BB2C-4219-B405-545198059ABF}"
EndProject
Project("{9A19103F-16F7-4668-BE54-9A1E7A4F7556}") = "UniOrm.Model", "UniOrm.Model\UniOrm.Model.csproj", "{893D1AE4-A01A-4687-B0BE-3BB14EFC06F5}"
EndProject
Project("{9A19103F-16F7-4668-BE54-9A1E7A4F7556}") = "UniOrm.Application", "UniOrm.StartUp\UniOrm.Application.csproj", "{E615AB8B-5927-4873-9B6A-589204C56BC5}"
EndProject
Project("{9A19103F-16F7-4668-BE54-9A1E7A4F7556}") = "UniOrm.Startup.Web", "UniOrm.Web\UniOrm.Startup.Web.csproj", "{D6225DFA-3418-41D7-A71F-013567820731}"
EndProject
Project("{2150E333-8FDC-42A3-9474-1A3956D46DE8}") = "Infrastratrue", "Infrastratrue", "{E97299E1-08AD-4DFE-8557-CAEE16A04004}"
EndProject
Project("{2150E333-8FDC-42A3-9474-1A3956D46DE8}") = "Applications", "Applications", "{A4762EE5-1C32-40C6-943B-3E3236616663}"
EndProject
Project("{9A19103F-16F7-4668-BE54-9A1E7A4F7556}") = "Web.Model", "Web.Model\Web.Model.csproj", "{07011BD6-3670-46AE-B810-4F394691EA86}"
EndProject
Project("{9A19103F-16F7-4668-BE54-9A1E7A4F7556}") = "UniOrm.Model.DataService", "UniOrm.CodeService\UniOrm.Model.DataService.csproj", "{F16977C8-58C8-45B0-9C7B-DCD02D51230B}"
EndProject
Project("{9A19103F-16F7-4668-BE54-9A1E7A4F7556}") = "DataMigrationiHistrory", "DataMigrationiHistrory\DataMigrationiHistrory.csproj", "{43FED6A4-5053-4481-B4F2-01CE7EEA23FB}"
EndProject
Project("{2150E333-8FDC-42A3-9474-1A3956D46DE8}") = "Plugins", "Plugins", "{C6B1D8FF-1CB5-4F1C-AA26-D5E76C9D7FE4}"
EndProject
Project("{9A19103F-16F7-4668-BE54-9A1E7A4F7556}") = "Plugin.Common", "Plugins\Plugin.Common\Plugin.Common.csproj", "{22330993-268D-4DEE-B5C5-63C54734CD54}"
EndProject
Project("{9A19103F-16F7-4668-BE54-9A1E7A4F7556}") = "NetTest", "Plugins\UserPlguin\NetTest\NetTest.csproj", "{19AEB857-A47D-4D83-9A74-427CC8D69696}"
EndProject
Project("{9A19103F-16F7-4668-BE54-9A1E7A4F7556}") = "BasicPlugin", "Plugins\BasicPlugin\BasicPlugin.csproj", "{0906D1B0-AC54-4E60-8B98-FAD72D174284}"
EndProject
Project("{2150E333-8FDC-42A3-9474-1A3956D46DE8}") = "UniNote", "UniNote", "{FF84958C-C438-4EF7-B6E4-911E7B7875C2}"
EndProject
Project("{9A19103F-16F7-4668-BE54-9A1E7A4F7556}") = "UniNote.DBMigration", "DevSites\UniNote\UniNote.DBMigration\UniNote.DBMigration.csproj", "{69E48D39-9520-466A-B214-8AE1DDFC20CA}"
EndProject
Project("{9A19103F-16F7-4668-BE54-9A1E7A4F7556}") = "TestWeb", "TestWeb\TestWeb.csproj", "{DC76BD37-769C-446B-8668-293A5469030D}"
EndProject
Project("{9A19103F-16F7-4668-BE54-9A1E7A4F7556}") = "UniNote.Web.Model", "DevSites\UniNote\UniNote.Web.Model\UniNote.Web.Model.csproj", "{580D3213-9502-48E1-8F05-D6E4E6E99FA9}"
EndProject
Project("{9A19103F-16F7-4668-BE54-9A1E7A4F7556}") = "UniNote.WebApi", "DevSites\UniNote\Webapi\UniNote.WebApi.csproj", "{B5C91040-A91D-4CCB-8BC7-5223D72F7CE0}"
EndProject
Global
	GlobalSection(SolutionConfigurationPlatforms) = preSolution
		Debug|Any CPU = Debug|Any CPU
		Release|Any CPU = Release|Any CPU
	EndGlobalSection
	GlobalSection(ProjectConfigurationPlatforms) = postSolution
		{A4ECCD32-0110-4101-A5A7-179A8D201274}.Debug|Any CPU.ActiveCfg = Debug|Any CPU
		{A4ECCD32-0110-4101-A5A7-179A8D201274}.Debug|Any CPU.Build.0 = Debug|Any CPU
		{A4ECCD32-0110-4101-A5A7-179A8D201274}.Release|Any CPU.ActiveCfg = Release|Any CPU
		{A4ECCD32-0110-4101-A5A7-179A8D201274}.Release|Any CPU.Build.0 = Release|Any CPU
		{86F211F0-38DE-49A1-9373-1F0FAF3A6C05}.Debug|Any CPU.ActiveCfg = Debug|Any CPU
		{86F211F0-38DE-49A1-9373-1F0FAF3A6C05}.Debug|Any CPU.Build.0 = Debug|Any CPU
		{86F211F0-38DE-49A1-9373-1F0FAF3A6C05}.Release|Any CPU.ActiveCfg = Release|Any CPU
		{86F211F0-38DE-49A1-9373-1F0FAF3A6C05}.Release|Any CPU.Build.0 = Release|Any CPU
		{DDA42A72-8479-4A27-B462-3A1D23C38F90}.Debug|Any CPU.ActiveCfg = Debug|Any CPU
		{DDA42A72-8479-4A27-B462-3A1D23C38F90}.Debug|Any CPU.Build.0 = Debug|Any CPU
		{DDA42A72-8479-4A27-B462-3A1D23C38F90}.Release|Any CPU.ActiveCfg = Release|Any CPU
		{DDA42A72-8479-4A27-B462-3A1D23C38F90}.Release|Any CPU.Build.0 = Release|Any CPU
		{C555C4E0-BB2C-4219-B405-545198059ABF}.Debug|Any CPU.ActiveCfg = Debug|Any CPU
		{C555C4E0-BB2C-4219-B405-545198059ABF}.Debug|Any CPU.Build.0 = Debug|Any CPU
		{C555C4E0-BB2C-4219-B405-545198059ABF}.Release|Any CPU.ActiveCfg = Release|Any CPU
		{C555C4E0-BB2C-4219-B405-545198059ABF}.Release|Any CPU.Build.0 = Release|Any CPU
		{893D1AE4-A01A-4687-B0BE-3BB14EFC06F5}.Debug|Any CPU.ActiveCfg = Debug|Any CPU
		{893D1AE4-A01A-4687-B0BE-3BB14EFC06F5}.Debug|Any CPU.Build.0 = Debug|Any CPU
		{893D1AE4-A01A-4687-B0BE-3BB14EFC06F5}.Release|Any CPU.ActiveCfg = Release|Any CPU
		{893D1AE4-A01A-4687-B0BE-3BB14EFC06F5}.Release|Any CPU.Build.0 = Release|Any CPU
		{E615AB8B-5927-4873-9B6A-589204C56BC5}.Debug|Any CPU.ActiveCfg = Debug|Any CPU
		{E615AB8B-5927-4873-9B6A-589204C56BC5}.Debug|Any CPU.Build.0 = Debug|Any CPU
		{E615AB8B-5927-4873-9B6A-589204C56BC5}.Release|Any CPU.ActiveCfg = Release|Any CPU
		{E615AB8B-5927-4873-9B6A-589204C56BC5}.Release|Any CPU.Build.0 = Release|Any CPU
		{D6225DFA-3418-41D7-A71F-013567820731}.Debug|Any CPU.ActiveCfg = Debug|Any CPU
		{D6225DFA-3418-41D7-A71F-013567820731}.Debug|Any CPU.Build.0 = Debug|Any CPU
		{D6225DFA-3418-41D7-A71F-013567820731}.Release|Any CPU.ActiveCfg = Release|Any CPU
		{D6225DFA-3418-41D7-A71F-013567820731}.Release|Any CPU.Build.0 = Release|Any CPU
		{07011BD6-3670-46AE-B810-4F394691EA86}.Debug|Any CPU.ActiveCfg = Debug|Any CPU
		{07011BD6-3670-46AE-B810-4F394691EA86}.Debug|Any CPU.Build.0 = Debug|Any CPU
		{07011BD6-3670-46AE-B810-4F394691EA86}.Release|Any CPU.ActiveCfg = Release|Any CPU
		{07011BD6-3670-46AE-B810-4F394691EA86}.Release|Any CPU.Build.0 = Release|Any CPU
		{F16977C8-58C8-45B0-9C7B-DCD02D51230B}.Debug|Any CPU.ActiveCfg = Debug|Any CPU
		{F16977C8-58C8-45B0-9C7B-DCD02D51230B}.Debug|Any CPU.Build.0 = Debug|Any CPU
		{F16977C8-58C8-45B0-9C7B-DCD02D51230B}.Release|Any CPU.ActiveCfg = Release|Any CPU
		{F16977C8-58C8-45B0-9C7B-DCD02D51230B}.Release|Any CPU.Build.0 = Release|Any CPU
		{43FED6A4-5053-4481-B4F2-01CE7EEA23FB}.Debug|Any CPU.ActiveCfg = Debug|Any CPU
		{43FED6A4-5053-4481-B4F2-01CE7EEA23FB}.Debug|Any CPU.Build.0 = Debug|Any CPU
		{43FED6A4-5053-4481-B4F2-01CE7EEA23FB}.Release|Any CPU.ActiveCfg = Release|Any CPU
		{43FED6A4-5053-4481-B4F2-01CE7EEA23FB}.Release|Any CPU.Build.0 = Release|Any CPU
		{22330993-268D-4DEE-B5C5-63C54734CD54}.Debug|Any CPU.ActiveCfg = Debug|Any CPU
		{22330993-268D-4DEE-B5C5-63C54734CD54}.Debug|Any CPU.Build.0 = Debug|Any CPU
		{22330993-268D-4DEE-B5C5-63C54734CD54}.Release|Any CPU.ActiveCfg = Release|Any CPU
		{22330993-268D-4DEE-B5C5-63C54734CD54}.Release|Any CPU.Build.0 = Release|Any CPU
		{19AEB857-A47D-4D83-9A74-427CC8D69696}.Debug|Any CPU.ActiveCfg = Debug|Any CPU
		{19AEB857-A47D-4D83-9A74-427CC8D69696}.Debug|Any CPU.Build.0 = Debug|Any CPU
		{19AEB857-A47D-4D83-9A74-427CC8D69696}.Release|Any CPU.ActiveCfg = Release|Any CPU
		{19AEB857-A47D-4D83-9A74-427CC8D69696}.Release|Any CPU.Build.0 = Release|Any CPU
		{0906D1B0-AC54-4E60-8B98-FAD72D174284}.Debug|Any CPU.ActiveCfg = Debug|Any CPU
		{0906D1B0-AC54-4E60-8B98-FAD72D174284}.Debug|Any CPU.Build.0 = Debug|Any CPU
		{0906D1B0-AC54-4E60-8B98-FAD72D174284}.Release|Any CPU.ActiveCfg = Release|Any CPU
		{0906D1B0-AC54-4E60-8B98-FAD72D174284}.Release|Any CPU.Build.0 = Release|Any CPU
		{69E48D39-9520-466A-B214-8AE1DDFC20CA}.Debug|Any CPU.ActiveCfg = Debug|Any CPU
		{69E48D39-9520-466A-B214-8AE1DDFC20CA}.Debug|Any CPU.Build.0 = Debug|Any CPU
		{69E48D39-9520-466A-B214-8AE1DDFC20CA}.Release|Any CPU.ActiveCfg = Release|Any CPU
		{69E48D39-9520-466A-B214-8AE1DDFC20CA}.Release|Any CPU.Build.0 = Release|Any CPU
		{DC76BD37-769C-446B-8668-293A5469030D}.Debug|Any CPU.ActiveCfg = Debug|Any CPU
		{DC76BD37-769C-446B-8668-293A5469030D}.Debug|Any CPU.Build.0 = Debug|Any CPU
		{DC76BD37-769C-446B-8668-293A5469030D}.Release|Any CPU.ActiveCfg = Release|Any CPU
		{DC76BD37-769C-446B-8668-293A5469030D}.Release|Any CPU.Build.0 = Release|Any CPU
		{580D3213-9502-48E1-8F05-D6E4E6E99FA9}.Debug|Any CPU.ActiveCfg = Debug|Any CPU
		{580D3213-9502-48E1-8F05-D6E4E6E99FA9}.Debug|Any CPU.Build.0 = Debug|Any CPU
		{580D3213-9502-48E1-8F05-D6E4E6E99FA9}.Release|Any CPU.ActiveCfg = Release|Any CPU
		{580D3213-9502-48E1-8F05-D6E4E6E99FA9}.Release|Any CPU.Build.0 = Release|Any CPU
		{B5C91040-A91D-4CCB-8BC7-5223D72F7CE0}.Debug|Any CPU.ActiveCfg = Debug|Any CPU
		{B5C91040-A91D-4CCB-8BC7-5223D72F7CE0}.Debug|Any CPU.Build.0 = Debug|Any CPU
		{B5C91040-A91D-4CCB-8BC7-5223D72F7CE0}.Release|Any CPU.ActiveCfg = Release|Any CPU
		{B5C91040-A91D-4CCB-8BC7-5223D72F7CE0}.Release|Any CPU.Build.0 = Release|Any CPU
	EndGlobalSection
	GlobalSection(SolutionProperties) = preSolution
		HideSolutionNode = FALSE
	EndGlobalSection
	GlobalSection(NestedProjects) = preSolution
		{A4ECCD32-0110-4101-A5A7-179A8D201274} = {E97299E1-08AD-4DFE-8557-CAEE16A04004}
		{86F211F0-38DE-49A1-9373-1F0FAF3A6C05} = {E97299E1-08AD-4DFE-8557-CAEE16A04004}
		{DDA42A72-8479-4A27-B462-3A1D23C38F90} = {E97299E1-08AD-4DFE-8557-CAEE16A04004}
		{C555C4E0-BB2C-4219-B405-545198059ABF} = {E97299E1-08AD-4DFE-8557-CAEE16A04004}
		{893D1AE4-A01A-4687-B0BE-3BB14EFC06F5} = {E97299E1-08AD-4DFE-8557-CAEE16A04004}
		{E615AB8B-5927-4873-9B6A-589204C56BC5} = {E97299E1-08AD-4DFE-8557-CAEE16A04004}
		{D6225DFA-3418-41D7-A71F-013567820731} = {E97299E1-08AD-4DFE-8557-CAEE16A04004}
		{07011BD6-3670-46AE-B810-4F394691EA86} = {A4762EE5-1C32-40C6-943B-3E3236616663}
		{F16977C8-58C8-45B0-9C7B-DCD02D51230B} = {E97299E1-08AD-4DFE-8557-CAEE16A04004}
		{43FED6A4-5053-4481-B4F2-01CE7EEA23FB} = {A4762EE5-1C32-40C6-943B-3E3236616663}
		{22330993-268D-4DEE-B5C5-63C54734CD54} = {C6B1D8FF-1CB5-4F1C-AA26-D5E76C9D7FE4}
		{19AEB857-A47D-4D83-9A74-427CC8D69696} = {C6B1D8FF-1CB5-4F1C-AA26-D5E76C9D7FE4}
		{0906D1B0-AC54-4E60-8B98-FAD72D174284} = {C6B1D8FF-1CB5-4F1C-AA26-D5E76C9D7FE4}
		{FF84958C-C438-4EF7-B6E4-911E7B7875C2} = {A4762EE5-1C32-40C6-943B-3E3236616663}
		{69E48D39-9520-466A-B214-8AE1DDFC20CA} = {FF84958C-C438-4EF7-B6E4-911E7B7875C2}
		{580D3213-9502-48E1-8F05-D6E4E6E99FA9} = {FF84958C-C438-4EF7-B6E4-911E7B7875C2}
		{B5C91040-A91D-4CCB-8BC7-5223D72F7CE0} = {FF84958C-C438-4EF7-B6E4-911E7B7875C2}
	EndGlobalSection
	GlobalSection(ExtensibilityGlobals) = postSolution
		SolutionGuid = {9498881A-9669-45A9-A3D3-8912DDB2872D}
	EndGlobalSection
EndGlobal
