
Microsoft Visual Studio Solution File, Format Version 12.00
# Visual Studio Version 16
VisualStudioVersion = 16.0.29201.188
MinimumVisualStudioVersion = 10.0.40219.1
Project("{9A19103F-16F7-4668-BE54-9A1E7A4F7556}") = "UniOrm", "UniOrm\UniOrm.csproj", "{A4ECCD32-0110-4101-A5A7-179A8D201274}"
EndProject
Project("{9A19103F-16F7-4668-BE54-9A1E7A4F7556}") = "UniOrm.Common", "UniOrm.Common\UniOrm.Common.csproj", "{86F211F0-38DE-49A1-9373-1F0FAF3A6C05}"
EndProject
Project("{9A19103F-16F7-4668-BE54-9A1E7A4F7556}") = "UniOrm.DataMigrationiHistrory", "UniOrm.DataMigrationiHistrory\UniOrm.DataMigrationiHistrory.csproj", "{DDA42A72-8479-4A27-B462-3A1D23C38F90}"
EndProject
Project("{9A19103F-16F7-4668-BE54-9A1E7A4F7556}") = "UniOrm.FlunentMigrator", "UniOrm.FlunentMigrator\UniOrm.FlunentMigrator.csproj", "{C555C4E0-BB2C-4219-B405-545198059ABF}"
EndProject
Project("{9A19103F-16F7-4668-BE54-9A1E7A4F7556}") = "UniOrm.Model", "UniOrm.Model\UniOrm.Model.csproj", "{893D1AE4-A01A-4687-B0BE-3BB14EFC06F5}"
EndProject
Project("{9A19103F-16F7-4668-BE54-9A1E7A4F7556}") = "UniOrm.Application", "UniOrm.StartUp\UniOrm.Application.csproj", "{E615AB8B-5927-4873-9B6A-589204C56BC5}"
EndProject
Project("{9A19103F-16F7-4668-BE54-9A1E7A4F7556}") = "UniOrm.Startup.Web", "UniOrm.Web\UniOrm.Startup.Web.csproj", "{D6225DFA-3418-41D7-A71F-013567820731}"
EndProject
Project("{2150E333-8FDC-42A3-9474-1A3956D46DE8}") = "Infrastratrue", "Infrastratrue", "{E97299E1-08AD-4DFE-8557-CAEE16A04004}"
EndProject
Project("{2150E333-8FDC-42A3-9474-1A3956D46DE8}") = "Applications", "Applications", "{A4762EE5-1C32-40C6-943B-3E3236616663}"
EndProject
Project("{9A19103F-16F7-4668-BE54-9A1E7A4F7556}") = "Web.Model", "Web.Model\Web.Model.csproj", "{07011BD6-3670-46AE-B810-4F394691EA86}"
EndProject
Project("{9A19103F-16F7-4668-BE54-9A1E7A4F7556}") = "UniOrm.Model.DataService", "UniOrm.CodeService\UniOrm.Model.DataService.csproj", "{F16977C8-58C8-45B0-9C7B-DCD02D51230B}"
EndProject
Project("{9A19103F-16F7-4668-BE54-9A1E7A4F7556}") = "DataMigrationiHistrory", "DataMigrationiHistrory\DataMigrationiHistrory.csproj", "{43FED6A4-5053-4481-B4F2-01CE7EEA23FB}"
EndProject
Project("{2150E333-8FDC-42A3-9474-1A3956D46DE8}") = "Plugins", "Plugins", "{C6B1D8FF-1CB5-4F1C-AA26-D5E76C9D7FE4}"
EndProject
Project("{9A19103F-16F7-4668-BE54-9A1E7A4F7556}") = "BasicPlugin", "Plugins\BasicPlugin\BasicPlugin.csproj", "{0906D1B0-AC54-4E60-8B98-FAD72D174284}"
EndProject
Project("{2150E333-8FDC-42A3-9474-1A3956D46DE8}") = "UniNote", "UniNote", "{FF84958C-C438-4EF7-B6E4-911E7B7875C2}"
EndProject
Project("{9A19103F-16F7-4668-BE54-9A1E7A4F7556}") = "UniNote.DBMigration", "DevSites\UniNote\UniNote.DBMigration\UniNote.DBMigration.csproj", "{69E48D39-9520-466A-B214-8AE1DDFC20CA}"
EndProject
Project("{9A19103F-16F7-4668-BE54-9A1E7A4F7556}") = "TestWeb", "TestWeb\TestWeb.csproj", "{DC76BD37-769C-446B-8668-293A5469030D}"
EndProject
Project("{9A19103F-16F7-4668-BE54-9A1E7A4F7556}") = "UniNote.Web.Model", "DevSites\UniNote\UniNote.Web.Model\UniNote.Web.Model.csproj", "{580D3213-9502-48E1-8F05-D6E4E6E99FA9}"
EndProject
Project("{9A19103F-16F7-4668-BE54-9A1E7A4F7556}") = "UniNote.WebApi", "DevSites\UniNote\Webapi\UniNote.WebApi.csproj", "{B5C91040-A91D-4CCB-8BC7-5223D72F7CE0}"
EndProject
Project("{9A19103F-16F7-4668-BE54-9A1E7A4F7556}") = "UniNote.WebClient", "DevSites\UniNote\UniNote.WebClient\UniNote.WebClient.csproj", "{C6E69D10-E350-4077-9647-6BADB9719A7C}"
EndProject
Project("{2150E333-8FDC-42A3-9474-1A3956D46DE8}") = "Tool", "Tool", "{F3984EAA-3F2F-4013-871B-E4DBA1173603}"
EndProject
Project("{9A19103F-16F7-4668-BE54-9A1E7A4F7556}") = "CodeGenergator", "tools\CodeGenergator\CodeGenergator.csproj", "{90464774-DBDC-404C-9B5D-7C77F30699AA}"
EndProject
Project("{9A19103F-16F7-4668-BE54-9A1E7A4F7556}") = "UniOrm.Startup.WPF", "UniOrm.Startup.WPF\UniOrm.Startup.WPF.csproj", "{476AD0A8-8527-432C-BF34-5488E7AA2148}"
EndProject
Project("{9A19103F-16F7-4668-BE54-9A1E7A4F7556}") = "BlazorApp1", "DevSites\Test\BlazorApp1\BlazorApp1.csproj", "{12260C1E-D53D-4367-ACDB-C0A13B100151}"
EndProject
Project("{9A19103F-16F7-4668-BE54-9A1E7A4F7556}") = "UniOrm.AlipayPlugin", "Plugins\AlipayPlugin\UniOrm.AlipayPlugin.csproj", "{1A1A521F-6892-4DD7-9D96-2A99EBD0E983}"
EndProject
Project("{2150E333-8FDC-42A3-9474-1A3956D46DE8}") = "Test", "Test", "{02FBA953-BB29-47D8-8861-E2A5E7EB90E8}"
EndProject
Project("{9A19103F-16F7-4668-BE54-9A1E7A4F7556}") = "UniOrm.Startup.Web.Test", "TestProjects\UniOrm.Startup.Web.Test\UniOrm.Startup.Web.Test.csproj", "{A7F6AACB-FBB2-4067-9CE8-94101F0D9963}"
EndProject
Project("{9A19103F-16F7-4668-BE54-9A1E7A4F7556}") = "OauthMngPlugin", "Plugins\OauthMngPlugin\OauthMngPlugin.csproj", "{18DC1D9F-1DD5-4AD4-8C06-F0F5CF39C7CD}"
EndProject
Project("{9A19103F-16F7-4668-BE54-9A1E7A4F7556}") = "WebEditorPlugin", "Plugins\WebEditorPlugins\WebEditorPlugin.csproj", "{F451800E-E2E3-4F18-BACC-B212ACF3B15A}"
EndProject
Project("{9A19103F-16F7-4668-BE54-9A1E7A4F7556}") = "UniOrm.UserWebPlugin", "Plugins\UserWebPlugin\UniOrm.UserWebPlugin.csproj", "{59365888-9CAF-4EFF-BE86-1B883E142CCC}"
EndProject
Project("{9A19103F-16F7-4668-BE54-9A1E7A4F7556}") = "UniOrm.ShopExPlugin", "Plugins\ShopExPlugin\UniOrm.ShopExPlugin.csproj", "{78CBAD61-D6AB-4657-934C-74F1184BB721}"
EndProject
Project("{9A19103F-16F7-4668-BE54-9A1E7A4F7556}") = "UniOrm.DistributeSystemPlugin", "Plugins\UniOrm.DistributeSystemPlugin\UniOrm.DistributeSystemPlugin.csproj", "{24EF5DBC-6459-4F0E-B219-16E9EFD523B7}"
EndProject
Project("{9A19103F-16F7-4668-BE54-9A1E7A4F7556}") = "WebSerivcesPlugin", "Plugins\WebSerivcesPlugin\WebSerivcesPlugin.csproj", "{F273F0E3-967F-4C9B-B5BE-B8F4757E284D}"
EndProject
Project("{9A19103F-16F7-4668-BE54-9A1E7A4F7556}") = "UniOrm.WebServiceTest", "DevSites\Test\UniOrm.WebServiceTest\UniOrm.WebServiceTest.csproj", "{6860644D-B782-4C18-A01F-EFB7CCA004E1}"
EndProject
Project("{9A19103F-16F7-4668-BE54-9A1E7A4F7556}") = "SqlSugar", "tools\sqlsugar\SqlSugar\SqlSugar.csproj", "{90E740AF-D708-4C78-95C7-90EC32083E5B}"
EndProject
Global
	GlobalSection(SolutionConfigurationPlatforms) = preSolution
		Debug|Any CPU = Debug|Any CPU
		Release|Any CPU = Release|Any CPU
	EndGlobalSection
	GlobalSection(ProjectConfigurationPlatforms) = postSolution
		{A4ECCD32-0110-4101-A5A7-179A8D201274}.Debug|Any CPU.ActiveCfg = Debug|Any CPU
		{A4ECCD32-0110-4101-A5A7-179A8D201274}.Debug|Any CPU.Build.0 = Debug|Any CPU
		{A4ECCD32-0110-4101-A5A7-179A8D201274}.Release|Any CPU.ActiveCfg = Release|Any CPU
		{A4ECCD32-0110-4101-A5A7-179A8D201274}.Release|Any CPU.Build.0 = Release|Any CPU
		{86F211F0-38DE-49A1-9373-1F0FAF3A6C05}.Debug|Any CPU.ActiveCfg = Debug|Any CPU
		{86F211F0-38DE-49A1-9373-1F0FAF3A6C05}.Debug|Any CPU.Build.0 = Debug|Any CPU
		{86F211F0-38DE-49A1-9373-1F0FAF3A6C05}.Release|Any CPU.ActiveCfg = Release|Any CPU
		{86F211F0-38DE-49A1-9373-1F0FAF3A6C05}.Release|Any CPU.Build.0 = Release|Any CPU
		{DDA42A72-8479-4A27-B462-3A1D23C38F90}.Debug|Any CPU.ActiveCfg = Debug|Any CPU
		{DDA42A72-8479-4A27-B462-3A1D23C38F90}.Debug|Any CPU.Build.0 = Debug|Any CPU
		{DDA42A72-8479-4A27-B462-3A1D23C38F90}.Release|Any CPU.ActiveCfg = Release|Any CPU
		{DDA42A72-8479-4A27-B462-3A1D23C38F90}.Release|Any CPU.Build.0 = Release|Any CPU
		{C555C4E0-BB2C-4219-B405-545198059ABF}.Debug|Any CPU.ActiveCfg = Debug|Any CPU
		{C555C4E0-BB2C-4219-B405-545198059ABF}.Debug|Any CPU.Build.0 = Debug|Any CPU
		{C555C4E0-BB2C-4219-B405-545198059ABF}.Release|Any CPU.ActiveCfg = Release|Any CPU
		{C555C4E0-BB2C-4219-B405-545198059ABF}.Release|Any CPU.Build.0 = Release|Any CPU
		{893D1AE4-A01A-4687-B0BE-3BB14EFC06F5}.Debug|Any CPU.ActiveCfg = Debug|Any CPU
		{893D1AE4-A01A-4687-B0BE-3BB14EFC06F5}.Debug|Any CPU.Build.0 = Debug|Any CPU
		{893D1AE4-A01A-4687-B0BE-3BB14EFC06F5}.Release|Any CPU.ActiveCfg = Release|Any CPU
		{893D1AE4-A01A-4687-B0BE-3BB14EFC06F5}.Release|Any CPU.Build.0 = Release|Any CPU
		{E615AB8B-5927-4873-9B6A-589204C56BC5}.Debug|Any CPU.ActiveCfg = Debug|Any CPU
		{E615AB8B-5927-4873-9B6A-589204C56BC5}.Debug|Any CPU.Build.0 = Debug|Any CPU
		{E615AB8B-5927-4873-9B6A-589204C56BC5}.Release|Any CPU.ActiveCfg = Release|Any CPU
		{E615AB8B-5927-4873-9B6A-589204C56BC5}.Release|Any CPU.Build.0 = Release|Any CPU
		{D6225DFA-3418-41D7-A71F-013567820731}.Debug|Any CPU.ActiveCfg = Debug|Any CPU
		{D6225DFA-3418-41D7-A71F-013567820731}.Debug|Any CPU.Build.0 = Debug|Any CPU
		{D6225DFA-3418-41D7-A71F-013567820731}.Release|Any CPU.ActiveCfg = Release|Any CPU
		{D6225DFA-3418-41D7-A71F-013567820731}.Release|Any CPU.Build.0 = Release|Any CPU
		{07011BD6-3670-46AE-B810-4F394691EA86}.Debug|Any CPU.ActiveCfg = Debug|Any CPU
		{07011BD6-3670-46AE-B810-4F394691EA86}.Debug|Any CPU.Build.0 = Debug|Any CPU
		{07011BD6-3670-46AE-B810-4F394691EA86}.Release|Any CPU.ActiveCfg = Release|Any CPU
		{07011BD6-3670-46AE-B810-4F394691EA86}.Release|Any CPU.Build.0 = Release|Any CPU
		{F16977C8-58C8-45B0-9C7B-DCD02D51230B}.Debug|Any CPU.ActiveCfg = Debug|Any CPU
		{F16977C8-58C8-45B0-9C7B-DCD02D51230B}.Debug|Any CPU.Build.0 = Debug|Any CPU
		{F16977C8-58C8-45B0-9C7B-DCD02D51230B}.Release|Any CPU.ActiveCfg = Release|Any CPU
		{F16977C8-58C8-45B0-9C7B-DCD02D51230B}.Release|Any CPU.Build.0 = Release|Any CPU
		{43FED6A4-5053-4481-B4F2-01CE7EEA23FB}.Debug|Any CPU.ActiveCfg = Debug|Any CPU
		{43FED6A4-5053-4481-B4F2-01CE7EEA23FB}.Debug|Any CPU.Build.0 = Debug|Any CPU
		{43FED6A4-5053-4481-B4F2-01CE7EEA23FB}.Release|Any CPU.ActiveCfg = Release|Any CPU
		{43FED6A4-5053-4481-B4F2-01CE7EEA23FB}.Release|Any CPU.Build.0 = Release|Any CPU
		{0906D1B0-AC54-4E60-8B98-FAD72D174284}.Debug|Any CPU.ActiveCfg = Debug|Any CPU
		{0906D1B0-AC54-4E60-8B98-FAD72D174284}.Debug|Any CPU.Build.0 = Debug|Any CPU
		{0906D1B0-AC54-4E60-8B98-FAD72D174284}.Release|Any CPU.ActiveCfg = Release|Any CPU
		{0906D1B0-AC54-4E60-8B98-FAD72D174284}.Release|Any CPU.Build.0 = Release|Any CPU
		{69E48D39-9520-466A-B214-8AE1DDFC20CA}.Debug|Any CPU.ActiveCfg = Debug|Any CPU
		{69E48D39-9520-466A-B214-8AE1DDFC20CA}.Debug|Any CPU.Build.0 = Debug|Any CPU
		{69E48D39-9520-466A-B214-8AE1DDFC20CA}.Release|Any CPU.ActiveCfg = Release|Any CPU
		{69E48D39-9520-466A-B214-8AE1DDFC20CA}.Release|Any CPU.Build.0 = Release|Any CPU
		{DC76BD37-769C-446B-8668-293A5469030D}.Debug|Any CPU.ActiveCfg = Debug|Any CPU
		{DC76BD37-769C-446B-8668-293A5469030D}.Debug|Any CPU.Build.0 = Debug|Any CPU
		{DC76BD37-769C-446B-8668-293A5469030D}.Release|Any CPU.ActiveCfg = Release|Any CPU
		{DC76BD37-769C-446B-8668-293A5469030D}.Release|Any CPU.Build.0 = Release|Any CPU
		{580D3213-9502-48E1-8F05-D6E4E6E99FA9}.Debug|Any CPU.ActiveCfg = Debug|Any CPU
		{580D3213-9502-48E1-8F05-D6E4E6E99FA9}.Debug|Any CPU.Build.0 = Debug|Any CPU
		{580D3213-9502-48E1-8F05-D6E4E6E99FA9}.Release|Any CPU.ActiveCfg = Release|Any CPU
		{580D3213-9502-48E1-8F05-D6E4E6E99FA9}.Release|Any CPU.Build.0 = Release|Any CPU
		{B5C91040-A91D-4CCB-8BC7-5223D72F7CE0}.Debug|Any CPU.ActiveCfg = Debug|Any CPU
		{B5C91040-A91D-4CCB-8BC7-5223D72F7CE0}.Debug|Any CPU.Build.0 = Debug|Any CPU
		{B5C91040-A91D-4CCB-8BC7-5223D72F7CE0}.Release|Any CPU.ActiveCfg = Release|Any CPU
		{B5C91040-A91D-4CCB-8BC7-5223D72F7CE0}.Release|Any CPU.Build.0 = Release|Any CPU
		{C6E69D10-E350-4077-9647-6BADB9719A7C}.Debug|Any CPU.ActiveCfg = Debug|Any CPU
		{C6E69D10-E350-4077-9647-6BADB9719A7C}.Debug|Any CPU.Build.0 = Debug|Any CPU
		{C6E69D10-E350-4077-9647-6BADB9719A7C}.Release|Any CPU.ActiveCfg = Release|Any CPU
		{C6E69D10-E350-4077-9647-6BADB9719A7C}.Release|Any CPU.Build.0 = Release|Any CPU
		{90464774-DBDC-404C-9B5D-7C77F30699AA}.Debug|Any CPU.ActiveCfg = Debug|Any CPU
		{90464774-DBDC-404C-9B5D-7C77F30699AA}.Debug|Any CPU.Build.0 = Debug|Any CPU
		{90464774-DBDC-404C-9B5D-7C77F30699AA}.Release|Any CPU.ActiveCfg = Release|Any CPU
		{90464774-DBDC-404C-9B5D-7C77F30699AA}.Release|Any CPU.Build.0 = Release|Any CPU
		{476AD0A8-8527-432C-BF34-5488E7AA2148}.Debug|Any CPU.ActiveCfg = Debug|Any CPU
		{476AD0A8-8527-432C-BF34-5488E7AA2148}.Debug|Any CPU.Build.0 = Debug|Any CPU
		{476AD0A8-8527-432C-BF34-5488E7AA2148}.Release|Any CPU.ActiveCfg = Release|Any CPU
		{476AD0A8-8527-432C-BF34-5488E7AA2148}.Release|Any CPU.Build.0 = Release|Any CPU
		{12260C1E-D53D-4367-ACDB-C0A13B100151}.Debug|Any CPU.ActiveCfg = Debug|Any CPU
		{12260C1E-D53D-4367-ACDB-C0A13B100151}.Debug|Any CPU.Build.0 = Debug|Any CPU
		{12260C1E-D53D-4367-ACDB-C0A13B100151}.Release|Any CPU.ActiveCfg = Release|Any CPU
		{12260C1E-D53D-4367-ACDB-C0A13B100151}.Release|Any CPU.Build.0 = Release|Any CPU
		{1A1A521F-6892-4DD7-9D96-2A99EBD0E983}.Debug|Any CPU.ActiveCfg = Debug|Any CPU
		{1A1A521F-6892-4DD7-9D96-2A99EBD0E983}.Debug|Any CPU.Build.0 = Debug|Any CPU
		{1A1A521F-6892-4DD7-9D96-2A99EBD0E983}.Release|Any CPU.ActiveCfg = Release|Any CPU
		{1A1A521F-6892-4DD7-9D96-2A99EBD0E983}.Release|Any CPU.Build.0 = Release|Any CPU
		{A7F6AACB-FBB2-4067-9CE8-94101F0D9963}.Debug|Any CPU.ActiveCfg = Debug|Any CPU
		{A7F6AACB-FBB2-4067-9CE8-94101F0D9963}.Debug|Any CPU.Build.0 = Debug|Any CPU
		{A7F6AACB-FBB2-4067-9CE8-94101F0D9963}.Release|Any CPU.ActiveCfg = Release|Any CPU
		{A7F6AACB-FBB2-4067-9CE8-94101F0D9963}.Release|Any CPU.Build.0 = Release|Any CPU
		{18DC1D9F-1DD5-4AD4-8C06-F0F5CF39C7CD}.Debug|Any CPU.ActiveCfg = Debug|Any CPU
		{18DC1D9F-1DD5-4AD4-8C06-F0F5CF39C7CD}.Debug|Any CPU.Build.0 = Debug|Any CPU
		{18DC1D9F-1DD5-4AD4-8C06-F0F5CF39C7CD}.Release|Any CPU.ActiveCfg = Release|Any CPU
		{18DC1D9F-1DD5-4AD4-8C06-F0F5CF39C7CD}.Release|Any CPU.Build.0 = Release|Any CPU
		{F451800E-E2E3-4F18-BACC-B212ACF3B15A}.Debug|Any CPU.ActiveCfg = Debug|Any CPU
		{F451800E-E2E3-4F18-BACC-B212ACF3B15A}.Debug|Any CPU.Build.0 = Debug|Any CPU
		{F451800E-E2E3-4F18-BACC-B212ACF3B15A}.Release|Any CPU.ActiveCfg = Release|Any CPU
		{F451800E-E2E3-4F18-BACC-B212ACF3B15A}.Release|Any CPU.Build.0 = Release|Any CPU
		{59365888-9CAF-4EFF-BE86-1B883E142CCC}.Debug|Any CPU.ActiveCfg = Debug|Any CPU
		{59365888-9CAF-4EFF-BE86-1B883E142CCC}.Debug|Any CPU.Build.0 = Debug|Any CPU
		{59365888-9CAF-4EFF-BE86-1B883E142CCC}.Release|Any CPU.ActiveCfg = Release|Any CPU
		{59365888-9CAF-4EFF-BE86-1B883E142CCC}.Release|Any CPU.Build.0 = Release|Any CPU
		{78CBAD61-D6AB-4657-934C-74F1184BB721}.Debug|Any CPU.ActiveCfg = Debug|Any CPU
		{78CBAD61-D6AB-4657-934C-74F1184BB721}.Debug|Any CPU.Build.0 = Debug|Any CPU
		{78CBAD61-D6AB-4657-934C-74F1184BB721}.Release|Any CPU.ActiveCfg = Release|Any CPU
		{78CBAD61-D6AB-4657-934C-74F1184BB721}.Release|Any CPU.Build.0 = Release|Any CPU
		{24EF5DBC-6459-4F0E-B219-16E9EFD523B7}.Debug|Any CPU.ActiveCfg = Debug|Any CPU
		{24EF5DBC-6459-4F0E-B219-16E9EFD523B7}.Debug|Any CPU.Build.0 = Debug|Any CPU
		{24EF5DBC-6459-4F0E-B219-16E9EFD523B7}.Release|Any CPU.ActiveCfg = Release|Any CPU
		{24EF5DBC-6459-4F0E-B219-16E9EFD523B7}.Release|Any CPU.Build.0 = Release|Any CPU
		{F273F0E3-967F-4C9B-B5BE-B8F4757E284D}.Debug|Any CPU.ActiveCfg = Debug|Any CPU
		{F273F0E3-967F-4C9B-B5BE-B8F4757E284D}.Debug|Any CPU.Build.0 = Debug|Any CPU
		{F273F0E3-967F-4C9B-B5BE-B8F4757E284D}.Release|Any CPU.ActiveCfg = Release|Any CPU
		{F273F0E3-967F-4C9B-B5BE-B8F4757E284D}.Release|Any CPU.Build.0 = Release|Any CPU
		{6860644D-B782-4C18-A01F-EFB7CCA004E1}.Debug|Any CPU.ActiveCfg = Debug|Any CPU
		{6860644D-B782-4C18-A01F-EFB7CCA004E1}.Debug|Any CPU.Build.0 = Debug|Any CPU
		{6860644D-B782-4C18-A01F-EFB7CCA004E1}.Release|Any CPU.ActiveCfg = Release|Any CPU
		{6860644D-B782-4C18-A01F-EFB7CCA004E1}.Release|Any CPU.Build.0 = Release|Any CPU
		{90E740AF-D708-4C78-95C7-90EC32083E5B}.Debug|Any CPU.ActiveCfg = Debug|Any CPU
		{90E740AF-D708-4C78-95C7-90EC32083E5B}.Debug|Any CPU.Build.0 = Debug|Any CPU
		{90E740AF-D708-4C78-95C7-90EC32083E5B}.Release|Any CPU.ActiveCfg = Release|Any CPU
		{90E740AF-D708-4C78-95C7-90EC32083E5B}.Release|Any CPU.Build.0 = Release|Any CPU
	EndGlobalSection
	GlobalSection(SolutionProperties) = preSolution
		HideSolutionNode = FALSE
	EndGlobalSection
	GlobalSection(NestedProjects) = preSolution
		{A4ECCD32-0110-4101-A5A7-179A8D201274} = {E97299E1-08AD-4DFE-8557-CAEE16A04004}
		{86F211F0-38DE-49A1-9373-1F0FAF3A6C05} = {E97299E1-08AD-4DFE-8557-CAEE16A04004}
		{DDA42A72-8479-4A27-B462-3A1D23C38F90} = {E97299E1-08AD-4DFE-8557-CAEE16A04004}
		{C555C4E0-BB2C-4219-B405-545198059ABF} = {E97299E1-08AD-4DFE-8557-CAEE16A04004}
		{893D1AE4-A01A-4687-B0BE-3BB14EFC06F5} = {E97299E1-08AD-4DFE-8557-CAEE16A04004}
		{E615AB8B-5927-4873-9B6A-589204C56BC5} = {E97299E1-08AD-4DFE-8557-CAEE16A04004}
		{D6225DFA-3418-41D7-A71F-013567820731} = {E97299E1-08AD-4DFE-8557-CAEE16A04004}
		{07011BD6-3670-46AE-B810-4F394691EA86} = {A4762EE5-1C32-40C6-943B-3E3236616663}
		{F16977C8-58C8-45B0-9C7B-DCD02D51230B} = {E97299E1-08AD-4DFE-8557-CAEE16A04004}
		{43FED6A4-5053-4481-B4F2-01CE7EEA23FB} = {A4762EE5-1C32-40C6-943B-3E3236616663}
		{0906D1B0-AC54-4E60-8B98-FAD72D174284} = {C6B1D8FF-1CB5-4F1C-AA26-D5E76C9D7FE4}
		{FF84958C-C438-4EF7-B6E4-911E7B7875C2} = {A4762EE5-1C32-40C6-943B-3E3236616663}
		{69E48D39-9520-466A-B214-8AE1DDFC20CA} = {FF84958C-C438-4EF7-B6E4-911E7B7875C2}
		{580D3213-9502-48E1-8F05-D6E4E6E99FA9} = {FF84958C-C438-4EF7-B6E4-911E7B7875C2}
		{B5C91040-A91D-4CCB-8BC7-5223D72F7CE0} = {FF84958C-C438-4EF7-B6E4-911E7B7875C2}
		{C6E69D10-E350-4077-9647-6BADB9719A7C} = {FF84958C-C438-4EF7-B6E4-911E7B7875C2}
		{F3984EAA-3F2F-4013-871B-E4DBA1173603} = {A4762EE5-1C32-40C6-943B-3E3236616663}
		{90464774-DBDC-404C-9B5D-7C77F30699AA} = {F3984EAA-3F2F-4013-871B-E4DBA1173603}
		{476AD0A8-8527-432C-BF34-5488E7AA2148} = {E97299E1-08AD-4DFE-8557-CAEE16A04004}
		{12260C1E-D53D-4367-ACDB-C0A13B100151} = {FF84958C-C438-4EF7-B6E4-911E7B7875C2}
		{1A1A521F-6892-4DD7-9D96-2A99EBD0E983} = {C6B1D8FF-1CB5-4F1C-AA26-D5E76C9D7FE4}
		{A7F6AACB-FBB2-4067-9CE8-94101F0D9963} = {02FBA953-BB29-47D8-8861-E2A5E7EB90E8}
		{18DC1D9F-1DD5-4AD4-8C06-F0F5CF39C7CD} = {C6B1D8FF-1CB5-4F1C-AA26-D5E76C9D7FE4}
		{F451800E-E2E3-4F18-BACC-B212ACF3B15A} = {C6B1D8FF-1CB5-4F1C-AA26-D5E76C9D7FE4}
		{59365888-9CAF-4EFF-BE86-1B883E142CCC} = {C6B1D8FF-1CB5-4F1C-AA26-D5E76C9D7FE4}
		{78CBAD61-D6AB-4657-934C-74F1184BB721} = {C6B1D8FF-1CB5-4F1C-AA26-D5E76C9D7FE4}
		{24EF5DBC-6459-4F0E-B219-16E9EFD523B7} = {C6B1D8FF-1CB5-4F1C-AA26-D5E76C9D7FE4}
		{F273F0E3-967F-4C9B-B5BE-B8F4757E284D} = {C6B1D8FF-1CB5-4F1C-AA26-D5E76C9D7FE4}
		{6860644D-B782-4C18-A01F-EFB7CCA004E1} = {02FBA953-BB29-47D8-8861-E2A5E7EB90E8}
		{90E740AF-D708-4C78-95C7-90EC32083E5B} = {E97299E1-08AD-4DFE-8557-CAEE16A04004}
	EndGlobalSection
	GlobalSection(ExtensibilityGlobals) = postSolution
		SolutionGuid = {9498881A-9669-45A9-A3D3-8912DDB2872D}
	EndGlobalSection
EndGlobal
